// !$*UTF8*$!
{
	archiveVersion = 1;
	classes = {
	};
	objectVersion = 77;
	objects = {

/* Begin PBXContainerItemProxy section */
		0F0F0D132D576C2D00A737B3 /* PBXContainerItemProxy */ = {
			isa = PBXContainerItemProxy;
			containerPortal = 0F0F0CF42D576C2B00A737B3 /* Project object */;
			proxyType = 1;
			remoteGlobalIDString = 0F0F0CFB2D576C2B00A737B3;
			remoteInfo = stackViewPrograam;
		};
		0F0F0D1D2D576C2D00A737B3 /* PBXContainerItemProxy */ = {
			isa = PBXContainerItemProxy;
			containerPortal = 0F0F0CF42D576C2B00A737B3 /* Project object */;
			proxyType = 1;
			remoteGlobalIDString = 0F0F0CFB2D576C2B00A737B3;
			remoteInfo = stackViewPrograam;
		};
/* End PBXContainerItemProxy section */

/* Begin PBXFileReference section */
		0F0F0CFC2D576C2B00A737B3 /* stackViewPrograam.app */ = {isa = PBXFileReference; explicitFileType = wrapper.application; includeInIndex = 0; path = stackViewPrograam.app; sourceTree = BUILT_PRODUCTS_DIR; };
		0F0F0D122D576C2D00A737B3 /* stackViewPrograamTests.xctest */ = {isa = PBXFileReference; explicitFileType = wrapper.cfbundle; includeInIndex = 0; path = stackViewPrograamTests.xctest; sourceTree = BUILT_PRODUCTS_DIR; };
		0F0F0D1C2D576C2D00A737B3 /* stackViewPrograamUITests.xctest */ = {isa = PBXFileReference; explicitFileType = wrapper.cfbundle; includeInIndex = 0; path = stackViewPrograamUITests.xctest; sourceTree = BUILT_PRODUCTS_DIR; };
/* End PBXFileReference section */

/* Begin PBXFileSystemSynchronizedBuildFileExceptionSet section */
		0F0F0D242D576C2D00A737B3 /* Exceptions for "stackViewPrograam" folder in "stackViewPrograam" target */ = {
			isa = PBXFileSystemSynchronizedBuildFileExceptionSet;
			membershipExceptions = (
				Info.plist,
			);
			target = 0F0F0CFB2D576C2B00A737B3 /* stackViewPrograam */;
		};
/* End PBXFileSystemSynchronizedBuildFileExceptionSet section */

/* Begin PBXFileSystemSynchronizedRootGroup section */
		0F0F0CFE2D576C2B00A737B3 /* stackViewPrograam */ = {
			isa = PBXFileSystemSynchronizedRootGroup;
			exceptions = (
				0F0F0D242D576C2D00A737B3 /* Exceptions for "stackViewPrograam" folder in "stackViewPrograam" target */,
			);
			path = stackViewPrograam;
			sourceTree = "<group>";
		};
		0F0F0D152D576C2D00A737B3 /* stackViewPrograamTests */ = {
			isa = PBXFileSystemSynchronizedRootGroup;
			path = stackViewPrograamTests;
			sourceTree = "<group>";
		};
		0F0F0D1F2D576C2D00A737B3 /* stackViewPrograamUITests */ = {
			isa = PBXFileSystemSynchronizedRootGroup;
			path = stackViewPrograamUITests;
			sourceTree = "<group>";
		};
/* End PBXFileSystemSynchronizedRootGroup section */

/* Begin PBXFrameworksBuildPhase section */
		0F0F0CF92D576C2B00A737B3 /* Frameworks */ = {
			isa = PBXFrameworksBuildPhase;
			buildActionMask = 2147483647;
			files = (
			);
			runOnlyForDeploymentPostprocessing = 0;
		};
		0F0F0D0F2D576C2D00A737B3 /* Frameworks */ = {
			isa = PBXFrameworksBuildPhase;
			buildActionMask = 2147483647;
			files = (
			);
			runOnlyForDeploymentPostprocessing = 0;
		};
		0F0F0D192D576C2D00A737B3 /* Frameworks */ = {
			isa = PBXFrameworksBuildPhase;
			buildActionMask = 2147483647;
			files = (
			);
			runOnlyForDeploymentPostprocessing = 0;
		};
/* End PBXFrameworksBuildPhase section */

/* Begin PBXGroup section */
		0F0F0CF32D576C2B00A737B3 = {
			isa = PBXGroup;
			children = (
				0F0F0CFE2D576C2B00A737B3 /* stackViewPrograam */,
				0F0F0D152D576C2D00A737B3 /* stackViewPrograamTests */,
				0F0F0D1F2D576C2D00A737B3 /* stackViewPrograamUITests */,
				0F0F0CFD2D576C2B00A737B3 /* Products */,
			);
			sourceTree = "<group>";
		};
		0F0F0CFD2D576C2B00A737B3 /* Products */ = {
			isa = PBXGroup;
			children = (
				0F0F0CFC2D576C2B00A737B3 /* stackViewPrograam.app */,
				0F0F0D122D576C2D00A737B3 /* stackViewPrograamTests.xctest */,
				0F0F0D1C2D576C2D00A737B3 /* stackViewPrograamUITests.xctest */,
			);
			name = Products;
			sourceTree = "<group>";
		};
/* End PBXGroup section */

/* Begin PBXNativeTarget section */
		0F0F0CFB2D576C2B00A737B3 /* stackViewPrograam */ = {
			isa = PBXNativeTarget;
			buildConfigurationList = 0F0F0D252D576C2D00A737B3 /* Build configuration list for PBXNativeTarget "stackViewPrograam" */;
			buildPhases = (
				0F0F0CF82D576C2B00A737B3 /* Sources */,
				0F0F0CF92D576C2B00A737B3 /* Frameworks */,
				0F0F0CFA2D576C2B00A737B3 /* Resources */,
			);
			buildRules = (
			);
			dependencies = (
			);
			fileSystemSynchronizedGroups = (
				0F0F0CFE2D576C2B00A737B3 /* stackViewPrograam */,
			);
			name = stackViewPrograam;
			packageProductDependencies = (
			);
			productName = stackViewPrograam;
			productReference = 0F0F0CFC2D576C2B00A737B3 /* stackViewPrograam.app */;
			productType = "com.apple.product-type.application";
		};
		0F0F0D112D576C2D00A737B3 /* stackViewPrograamTests */ = {
			isa = PBXNativeTarget;
			buildConfigurationList = 0F0F0D2A2D576C2D00A737B3 /* Build configuration list for PBXNativeTarget "stackViewPrograamTests" */;
			buildPhases = (
				0F0F0D0E2D576C2D00A737B3 /* Sources */,
				0F0F0D0F2D576C2D00A737B3 /* Frameworks */,
				0F0F0D102D576C2D00A737B3 /* Resources */,
			);
			buildRules = (
			);
			dependencies = (
				0F0F0D142D576C2D00A737B3 /* PBXTargetDependency */,
			);
			fileSystemSynchronizedGroups = (
				0F0F0D152D576C2D00A737B3 /* stackViewPrograamTests */,
			);
			name = stackViewPrograamTests;
			packageProductDependencies = (
			);
			productName = stackViewPrograamTests;
			productReference = 0F0F0D122D576C2D00A737B3 /* stackViewPrograamTests.xctest */;
			productType = "com.apple.product-type.bundle.unit-test";
		};
		0F0F0D1B2D576C2D00A737B3 /* stackViewPrograamUITests */ = {
			isa = PBXNativeTarget;
			buildConfigurationList = 0F0F0D2D2D576C2D00A737B3 /* Build configuration list for PBXNativeTarget "stackViewPrograamUITests" */;
			buildPhases = (
				0F0F0D182D576C2D00A737B3 /* Sources */,
				0F0F0D192D576C2D00A737B3 /* Frameworks */,
				0F0F0D1A2D576C2D00A737B3 /* Resources */,
			);
			buildRules = (
			);
			dependencies = (
				0F0F0D1E2D576C2D00A737B3 /* PBXTargetDependency */,
			);
			fileSystemSynchronizedGroups = (
				0F0F0D1F2D576C2D00A737B3 /* stackViewPrograamUITests */,
			);
			name = stackViewPrograamUITests;
			packageProductDependencies = (
			);
			productName = stackViewPrograamUITests;
			productReference = 0F0F0D1C2D576C2D00A737B3 /* stackViewPrograamUITests.xctest */;
			productType = "com.apple.product-type.bundle.ui-testing";
		};
/* End PBXNativeTarget section */

/* Begin PBXProject section */
		0F0F0CF42D576C2B00A737B3 /* Project object */ = {
			isa = PBXProject;
			attributes = {
				BuildIndependentTargetsInParallel = 1;
				LastSwiftUpdateCheck = 1610;
				LastUpgradeCheck = 1610;
				TargetAttributes = {
					0F0F0CFB2D576C2B00A737B3 = {
						CreatedOnToolsVersion = 16.1;
					};
					0F0F0D112D576C2D00A737B3 = {
						CreatedOnToolsVersion = 16.1;
						TestTargetID = 0F0F0CFB2D576C2B00A737B3;
					};
					0F0F0D1B2D576C2D00A737B3 = {
						CreatedOnToolsVersion = 16.1;
						TestTargetID = 0F0F0CFB2D576C2B00A737B3;
					};
				};
			};
			buildConfigurationList = 0F0F0CF72D576C2B00A737B3 /* Build configuration list for PBXProject "stackViewPrograam" */;
			developmentRegion = en;
			hasScannedForEncodings = 0;
			knownRegions = (
				en,
				Base,
			);
			mainGroup = 0F0F0CF32D576C2B00A737B3;
			minimizedProjectReferenceProxies = 1;
			preferredProjectObjectVersion = 77;
			productRefGroup = 0F0F0CFD2D576C2B00A737B3 /* Products */;
			projectDirPath = "";
			projectRoot = "";
			targets = (
				0F0F0CFB2D576C2B00A737B3 /* stackViewPrograam */,
				0F0F0D112D576C2D00A737B3 /* stackViewPrograamTests */,
				0F0F0D1B2D576C2D00A737B3 /* stackViewPrograamUITests */,
			);
		};
/* End PBXProject section */

/* Begin PBXResourcesBuildPhase section */
		0F0F0CFA2D576C2B00A737B3 /* Resources */ = {
			isa = PBXResourcesBuildPhase;
			buildActionMask = 2147483647;
			files = (
			);
			runOnlyForDeploymentPostprocessing = 0;
		};
		0F0F0D102D576C2D00A737B3 /* Resources */ = {
			isa = PBXResourcesBuildPhase;
			buildActionMask = 2147483647;
			files = (
			);
			runOnlyForDeploymentPostprocessing = 0;
		};
		0F0F0D1A2D576C2D00A737B3 /* Resources */ = {
			isa = PBXResourcesBuildPhase;
			buildActionMask = 2147483647;
			files = (
			);
			runOnlyForDeploymentPostprocessing = 0;
		};
/* End PBXResourcesBuildPhase section */

/* Begin PBXSourcesBuildPhase section */
		0F0F0CF82D576C2B00A737B3 /* Sources */ = {
			isa = PBXSourcesBuildPhase;
			buildActionMask = 2147483647;
			files = (
			);
			runOnlyForDeploymentPostprocessing = 0;
		};
		0F0F0D0E2D576C2D00A737B3 /* Sources */ = {
			isa = PBXSourcesBuildPhase;
			buildActionMask = 2147483647;
			files = (
			);
			runOnlyForDeploymentPostprocessing = 0;
		};
		0F0F0D182D576C2D00A737B3 /* Sources */ = {
			isa = PBXSourcesBuildPhase;
			buildActionMask = 2147483647;
			files = (
			);
			runOnlyForDeploymentPostprocessing = 0;
		};
/* End PBXSourcesBuildPhase section */

/* Begin PBXTargetDependency section */
		0F0F0D142D576C2D00A737B3 /* PBXTargetDependency */ = {
			isa = PBXTargetDependency;
			target = 0F0F0CFB2D576C2B00A737B3 /* stackViewPrograam */;
			targetProxy = 0F0F0D132D576C2D00A737B3 /* PBXContainerItemProxy */;
		};
		0F0F0D1E2D576C2D00A737B3 /* PBXTargetDependency */ = {
			isa = PBXTargetDependency;
			target = 0F0F0CFB2D576C2B00A737B3 /* stackViewPrograam */;
			targetProxy = 0F0F0D1D2D576C2D00A737B3 /* PBXContainerItemProxy */;
		};
/* End PBXTargetDependency section */

/* Begin XCBuildConfiguration section */
		0F0F0D262D576C2D00A737B3 /* Debug */ = {
			isa = XCBuildConfiguration;
			buildSettings = {
				ASSETCATALOG_COMPILER_APPICON_NAME = AppIcon;
				ASSETCATALOG_COMPILER_GLOBAL_ACCENT_COLOR_NAME = AccentColor;
				CODE_SIGN_STYLE = Automatic;
				CURRENT_PROJECT_VERSION = 1;
				GENERATE_INFOPLIST_FILE = YES;
				INFOPLIST_FILE = stackViewPrograam/Info.plist;
				INFOPLIST_KEY_UIApplicationSupportsIndirectInputEvents = YES;
				INFOPLIST_KEY_UILaunchStoryboardName = LaunchScreen;
				INFOPLIST_KEY_UIMainStoryboardFile = Main;
				INFOPLIST_KEY_UISupportedInterfaceOrientations_iPad = "UIInterfaceOrientationPortrait UIInterfaceOrientationPortraitUpsideDown UIInterfaceOrientationLandscapeLeft UIInterfaceOrientationLandscapeRight";
				INFOPLIST_KEY_UISupportedInterfaceOrientations_iPhone = "UIInterfaceOrientationPortrait UIInterfaceOrientationLandscapeLeft UIInterfaceOrientationLandscapeRight";
				LD_RUNPATH_SEARCH_PATHS = (
					"$(inherited)",
					"@executable_path/Frameworks",
				);
				MARKETING_VERSION = 1.0;
				PRODUCT_BUNDLE_IDENTIFIER = jevojyotAppDev.com.stackViewPrograam;
				PRODUCT_NAME = "$(TARGET_NAME)";
				SWIFT_EMIT_LOC_STRINGS = YES;
				SWIFT_VERSION = 5.0;
				TARGETED_DEVICE_FAMILY = "1,2";
			};
			name = Debug;
		};
		0F0F0D272D576C2D00A737B3 /* Release */ = {
			isa = XCBuildConfiguration;
			buildSettings = {
				ASSETCATALOG_COMPILER_APPICON_NAME = AppIcon;
				ASSETCATALOG_COMPILER_GLOBAL_ACCENT_COLOR_NAME = AccentColor;
				CODE_SIGN_STYLE = Automatic;
				CURRENT_PROJECT_VERSION = 1;
				GENERATE_INFOPLIST_FILE = YES;
				INFOPLIST_FILE = stackViewPrograam/Info.plist;
				INFOPLIST_KEY_UIApplicationSupportsIndirectInputEvents = YES;
				INFOPLIST_KEY_UILaunchStoryboardName = LaunchScreen;
				INFOPLIST_KEY_UIMainStoryboardFile = Main;
				INFOPLIST_KEY_UISupportedInterfaceOrientations_iPad = "UIInterfaceOrientationPortrait UIInterfaceOrientationPortraitUpsideDown UIInterfaceOrientationLandscapeLeft UIInterfaceOrientationLandscapeRight";
				INFOPLIST_KEY_UISupportedInterfaceOrientations_iPhone = "UIInterfaceOrientationPortrait UIInterfaceOrientationLandscapeLeft UIInterfaceOrientationLandscapeRight";
				LD_RUNPATH_SEARCH_PATHS = (
					"$(inherited)",
					"@executable_path/Frameworks",
				);
				MARKETING_VERSION = 1.0;
				PRODUCT_BUNDLE_IDENTIFIER = jevojyotAppDev.com.stackViewPrograam;
				PRODUCT_NAME = "$(TARGET_NAME)";
				SWIFT_EMIT_LOC_STRINGS = YES;
				SWIFT_VERSION = 5.0;
				TARGETED_DEVICE_FAMILY = "1,2";
			};
			name = Release;
		};
		0F0F0D282D576C2D00A737B3 /* Debug */ = {
			isa = XCBuildConfiguration;
			buildSettings = {
				ALWAYS_SEARCH_USER_PATHS = NO;
				ASSETCATALOG_COMPILER_GENERATE_SWIFT_ASSET_SYMBOL_EXTENSIONS = YES;
				CLANG_ANALYZER_NONNULL = YES;
				CLANG_ANALYZER_NUMBER_OBJECT_CONVERSION = YES_AGGRESSIVE;
				CLANG_CXX_LANGUAGE_STANDARD = "gnu++20";
				CLANG_ENABLE_MODULES = YES;
				CLANG_ENABLE_OBJC_ARC = YES;
				CLANG_ENABLE_OBJC_WEAK = YES;
				CLANG_WARN_BLOCK_CAPTURE_AUTORELEASING = YES;
				CLANG_WARN_BOOL_CONVERSION = YES;
				CLANG_WARN_COMMA = YES;
				CLANG_WARN_CONSTANT_CONVERSION = YES;
				CLANG_WARN_DEPRECATED_OBJC_IMPLEMENTATIONS = YES;
				CLANG_WARN_DIRECT_OBJC_ISA_USAGE = YES_ERROR;
				CLANG_WARN_DOCUMENTATION_COMMENTS = YES;
				CLANG_WARN_EMPTY_BODY = YES;
				CLANG_WARN_ENUM_CONVERSION = YES;
				CLANG_WARN_INFINITE_RECURSION = YES;
				CLANG_WARN_INT_CONVERSION = YES;
				CLANG_WARN_NON_LITERAL_NULL_CONVERSION = YES;
				CLANG_WARN_OBJC_IMPLICIT_RETAIN_SELF = YES;
				CLANG_WARN_OBJC_LITERAL_CONVERSION = YES;
				CLANG_WARN_OBJC_ROOT_CLASS = YES_ERROR;
				CLANG_WARN_QUOTED_INCLUDE_IN_FRAMEWORK_HEADER = YES;
				CLANG_WARN_RANGE_LOOP_ANALYSIS = YES;
				CLANG_WARN_STRICT_PROTOTYPES = YES;
				CLANG_WARN_SUSPICIOUS_MOVE = YES;
				CLANG_WARN_UNGUARDED_AVAILABILITY = YES_AGGRESSIVE;
				CLANG_WARN_UNREACHABLE_CODE = YES;
				CLANG_WARN__DUPLICATE_METHOD_MATCH = YES;
				COPY_PHASE_STRIP = NO;
				DEBUG_INFORMATION_FORMAT = dwarf;
				ENABLE_STRICT_OBJC_MSGSEND = YES;
				ENABLE_TESTABILITY = YES;
				ENABLE_USER_SCRIPT_SANDBOXING = YES;
				GCC_C_LANGUAGE_STANDARD = gnu17;
				GCC_DYNAMIC_NO_PIC = NO;
				GCC_NO_COMMON_BLOCKS = YES;
				GCC_OPTIMIZATION_LEVEL = 0;
				GCC_PREPROCESSOR_DEFINITIONS = (
					"DEBUG=1",
					"$(inherited)",
				);
				GCC_WARN_64_TO_32_BIT_CONVERSION = YES;
				GCC_WARN_ABOUT_RETURN_TYPE = YES_ERROR;
				GCC_WARN_UNDECLARED_SELECTOR = YES;
				GCC_WARN_UNINITIALIZED_AUTOS = YES_AGGRESSIVE;
				GCC_WARN_UNUSED_FUNCTION = YES;
				GCC_WARN_UNUSED_VARIABLE = YES;
				IPHONEOS_DEPLOYMENT_TARGET = 18.1;
				LOCALIZATION_PREFERS_STRING_CATALOGS = YES;
				MTL_ENABLE_DEBUG_INFO = INCLUDE_SOURCE;
				MTL_FAST_MATH = YES;
				ONLY_ACTIVE_ARCH = YES;
				SDKROOT = iphoneos;
				SWIFT_ACTIVE_COMPILATION_CONDITIONS = "DEBUG $(inherited)";
				SWIFT_OPTIMIZATION_LEVEL = "-Onone";
			};
			name = Debug;
		};
		0F0F0D292D576C2D00A737B3 /* Release */ = {
			isa = XCBuildConfiguration;
			buildSettings = {
				ALWAYS_SEARCH_USER_PATHS = NO;
				ASSETCATALOG_COMPILER_GENERATE_SWIFT_ASSET_SYMBOL_EXTENSIONS = YES;
				CLANG_ANALYZER_NONNULL = YES;
				CLANG_ANALYZER_NUMBER_OBJECT_CONVERSION = YES_AGGRESSIVE;
				CLANG_CXX_LANGUAGE_STANDARD = "gnu++20";
				CLANG_ENABLE_MODULES = YES;
				CLANG_ENABLE_OBJC_ARC = YES;
				CLANG_ENABLE_OBJC_WEAK = YES;
				CLANG_WARN_BLOCK_CAPTURE_AUTORELEASING = YES;
				CLANG_WARN_BOOL_CONVERSION = YES;
				CLANG_WARN_COMMA = YES;
				CLANG_WARN_CONSTANT_CONVERSION = YES;
				CLANG_WARN_DEPRECATED_OBJC_IMPLEMENTATIONS = YES;
				CLANG_WARN_DIRECT_OBJC_ISA_USAGE = YES_ERROR;
				CLANG_WARN_DOCUMENTATION_COMMENTS = YES;
				CLANG_WARN_EMPTY_BODY = YES;
				CLANG_WARN_ENUM_CONVERSION = YES;
				CLANG_WARN_INFINITE_RECURSION = YES;
				CLANG_WARN_INT_CONVERSION = YES;
				CLANG_WARN_NON_LITERAL_NULL_CONVERSION = YES;
				CLANG_WARN_OBJC_IMPLICIT_RETAIN_SELF = YES;
				CLANG_WARN_OBJC_LITERAL_CONVERSION = YES;
				CLANG_WARN_OBJC_ROOT_CLASS = YES_ERROR;
				CLANG_WARN_QUOTED_INCLUDE_IN_FRAMEWORK_HEADER = YES;
				CLANG_WARN_RANGE_LOOP_ANALYSIS = YES;
				CLANG_WARN_STRICT_PROTOTYPES = YES;
				CLANG_WARN_SUSPICIOUS_MOVE = YES;
				CLANG_WARN_UNGUARDED_AVAILABILITY = YES_AGGRESSIVE;
				CLANG_WARN_UNREACHABLE_CODE = YES;
				CLANG_WARN__DUPLICATE_METHOD_MATCH = YES;
				COPY_PHASE_STRIP = NO;
				DEBUG_INFORMATION_FORMAT = "dwarf-with-dsym";
				ENABLE_NS_ASSERTIONS = NO;
				ENABLE_STRICT_OBJC_MSGSEND = YES;
				ENABLE_USER_SCRIPT_SANDBOXING = YES;
				GCC_C_LANGUAGE_STANDARD = gnu17;
				GCC_NO_COMMON_BLOCKS = YES;
				GCC_WARN_64_TO_32_BIT_CONVERSION = YES;
				GCC_WARN_ABOUT_RETURN_TYPE = YES_ERROR;
				GCC_WARN_UNDECLARED_SELECTOR = YES;
				GCC_WARN_UNINITIALIZED_AUTOS = YES_AGGRESSIVE;
				GCC_WARN_UNUSED_FUNCTION = YES;
				GCC_WARN_UNUSED_VARIABLE = YES;
				IPHONEOS_DEPLOYMENT_TARGET = 18.1;
				LOCALIZATION_PREFERS_STRING_CATALOGS = YES;
				MTL_ENABLE_DEBUG_INFO = NO;
				MTL_FAST_MATH = YES;
				SDKROOT = iphoneos;
				SWIFT_COMPILATION_MODE = wholemodule;
				VALIDATE_PRODUCT = YES;
			};
			name = Release;
		};
		0F0F0D2B2D576C2D00A737B3 /* Debug */ = {
			isa = XCBuildConfiguration;
			buildSettings = {
				BUNDLE_LOADER = "$(TEST_HOST)";
				CODE_SIGN_STYLE = Automatic;
				CURRENT_PROJECT_VERSION = 1;
				GENERATE_INFOPLIST_FILE = YES;
				IPHONEOS_DEPLOYMENT_TARGET = 18.1;
				MARKETING_VERSION = 1.0;
				PRODUCT_BUNDLE_IDENTIFIER = jevojyotAppDev.com.stackViewPrograamTests;
				PRODUCT_NAME = "$(TARGET_NAME)";
				SWIFT_EMIT_LOC_STRINGS = NO;
				SWIFT_VERSION = 5.0;
				TARGETED_DEVICE_FAMILY = "1,2";
				TEST_HOST = "$(BUILT_PRODUCTS_DIR)/stackViewPrograam.app/$(BUNDLE_EXECUTABLE_FOLDER_PATH)/stackViewPrograam";
			};
			name = Debug;
		};
		0F0F0D2C2D576C2D00A737B3 /* Release */ = {
			isa = XCBuildConfiguration;
			buildSettings = {
				BUNDLE_LOADER = "$(TEST_HOST)";
				CODE_SIGN_STYLE = Automatic;
				CURRENT_PROJECT_VERSION = 1;
				GENERATE_INFOPLIST_FILE = YES;
				IPHONEOS_DEPLOYMENT_TARGET = 18.1;
				MARKETING_VERSION = 1.0;
				PRODUCT_BUNDLE_IDENTIFIER = jevojyotAppDev.com.stackViewPrograamTests;
				PRODUCT_NAME = "$(TARGET_NAME)";
				SWIFT_EMIT_LOC_STRINGS = NO;
				SWIFT_VERSION = 5.0;
				TARGETED_DEVICE_FAMILY = "1,2";
				TEST_HOST = "$(BUILT_PRODUCTS_DIR)/stackViewPrograam.app/$(BUNDLE_EXECUTABLE_FOLDER_PATH)/stackViewPrograam";
			};
			name = Release;
		};
		0F0F0D2E2D576C2D00A737B3 /* Debug */ = {
			isa = XCBuildConfiguration;
			buildSettings = {
				CODE_SIGN_STYLE = Automatic;
				CURRENT_PROJECT_VERSION = 1;
				GENERATE_INFOPLIST_FILE = YES;
				MARKETING_VERSION = 1.0;
				PRODUCT_BUNDLE_IDENTIFIER = jevojyotAppDev.com.stackViewPrograamUITests;
				PRODUCT_NAME = "$(TARGET_NAME)";
				SWIFT_EMIT_LOC_STRINGS = NO;
				SWIFT_VERSION = 5.0;
				TARGETED_DEVICE_FAMILY = "1,2";
				TEST_TARGET_NAME = stackViewPrograam;
			};
			name = Debug;
		};
		0F0F0D2F2D576C2D00A737B3 /* Release */ = {
			isa = XCBuildConfiguration;
			buildSettings = {
				CODE_SIGN_STYLE = Automatic;
				CURRENT_PROJECT_VERSION = 1;
				GENERATE_INFOPLIST_FILE = YES;
				MARKETING_VERSION = 1.0;
				PRODUCT_BUNDLE_IDENTIFIER = jevojyotAppDev.com.stackViewPrograamUITests;
				PRODUCT_NAME = "$(TARGET_NAME)";
				SWIFT_EMIT_LOC_STRINGS = NO;
				SWIFT_VERSION = 5.0;
				TARGETED_DEVICE_FAMILY = "1,2";
				TEST_TARGET_NAME = stackViewPrograam;
			};
			name = Release;
		};
/* End XCBuildConfiguration section */

/* Begin XCConfigurationList section */
		0F0F0CF72D576C2B00A737B3 /* Build configuration list for PBXProject "stackViewPrograam" */ = {
			isa = XCConfigurationList;
			buildConfigurations = (
				0F0F0D282D576C2D00A737B3 /* Debug */,
				0F0F0D292D576C2D00A737B3 /* Release */,
			);
			defaultConfigurationIsVisible = 0;
			defaultConfigurationName = Release;
		};
		0F0F0D252D576C2D00A737B3 /* Build configuration list for PBXNativeTarget "stackViewPrograam" */ = {
			isa = XCConfigurationList;
			buildConfigurations = (
				0F0F0D262D576C2D00A737B3 /* Debug */,
				0F0F0D272D576C2D00A737B3 /* Release */,
			);
			defaultConfigurationIsVisible = 0;
			defaultConfigurationName = Release;
		};
		0F0F0D2A2D576C2D00A737B3 /* Build configuration list for PBXNativeTarget "stackViewPrograamTests" */ = {
			isa = XCConfigurationList;
			buildConfigurations = (
				0F0F0D2B2D576C2D00A737B3 /* Debug */,
				0F0F0D2C2D576C2D00A737B3 /* Release */,
			);
			defaultConfigurationIsVisible = 0;
			defaultConfigurationName = Release;
		};
		0F0F0D2D2D576C2D00A737B3 /* Build configuration list for PBXNativeTarget "stackViewPrograamUITests" */ = {
			isa = XCConfigurationList;
			buildConfigurations = (
				0F0F0D2E2D576C2D00A737B3 /* Debug */,
				0F0F0D2F2D576C2D00A737B3 /* Release */,
			);
			defaultConfigurationIsVisible = 0;
			defaultConfigurationName = Release;
		};
/* End XCConfigurationList section */
	};
	rootObject = 0F0F0CF42D576C2B00A737B3 /* Project object */;
}
